{"version":4,"terraform_version":"1.9.4","serial":3,"lineage":"90761a05-1ff5-951f-fabe-6ad509b29711","outputs":{"demo_users":{"value":{"alice":{"password":"alice123","username":"alice"},"bob":{"password":"bob123","username":"bob"}},"type":["object",{"alice":["object",{"password":"string","username":"string"}],"bob":["object",{"password":"string","username":"string"}]}]},"mcp_client_client_id":{"value":"mcp-client","type":"string"},"mcp_server_client_id":{"value":"mcp-server","type":"string"},"oidc_discovery_url":{"value":"http://localhost:8080/realms/issue-tracker/.well-known/openid-configuration","type":"string"},"realm":{"value":"issue-tracker","type":"string"}},"resources":[{"mode":"managed","type":"keycloak_openid_audience_protocol_mapper","name":"mcp_tools_audience","provider":"provider[\"registry.opentofu.org/keycloak/keycloak\"]","instances":[{"schema_version":0,"attributes":{"add_to_access_token":true,"add_to_id_token":true,"client_id":null,"client_scope_id":"37aae27f-73d1-4b06-a52e-bb08ac8a6833","id":"806617d6-c265-420f-af93-c077a932a7d8","included_client_audience":null,"included_custom_audience":"http://127.0.0.1:3002/mcp","name":"mcp-server-audience","realm_id":"issue-tracker"},"sensitive_attributes":[],"private":"bnVsbA==","dependencies":["keycloak_openid_client_scope.mcp_tools","keycloak_realm.issue_tracker"]}]},{"mode":"managed","type":"keycloak_openid_client","name":"mcp_client","provider":"provider[\"registry.opentofu.org/keycloak/keycloak\"]","instances":[{"schema_version":0,"attributes":{"access_token_lifespan":"","access_type":"PUBLIC","admin_url":"","allow_refresh_token_in_standard_token_exchange":"","always_display_in_console":false,"authentication_flow_binding_overrides":[],"authorization":[],"backchannel_logout_revoke_offline_sessions":false,"backchannel_logout_session_required":true,"backchannel_logout_url":"","base_url":"","client_authenticator_type":"client-secret","client_id":"mcp-client","client_offline_session_idle_timeout":"","client_offline_session_max_lifespan":"","client_secret":"","client_secret_regenerate_when_changed":null,"client_secret_wo":null,"client_secret_wo_version":null,"client_session_idle_timeout":"","client_session_max_lifespan":"","consent_required":false,"consent_screen_text":"","description":"","direct_access_grants_enabled":false,"display_on_consent_screen":false,"enabled":true,"exclude_issuer_from_auth_response":null,"exclude_session_state_from_auth_response":null,"extra_config":null,"frontchannel_logout_enabled":false,"frontchannel_logout_url":"","full_scope_allowed":true,"id":"57e927ed-98d3-4b50-84e6-341174b4603b","implicit_flow_enabled":false,"import":false,"login_theme":"","name":"MCP Client (agent)","oauth2_device_authorization_grant_enabled":false,"oauth2_device_code_lifespan":"","oauth2_device_polling_interval":"","oauth2_jwt_authorization_grant_enabled":false,"oauth2_jwt_authorization_grant_idp":"","pkce_code_challenge_method":"S256","realm_id":"issue-tracker","require_dpop_bound_tokens":false,"resource_server_id":null,"root_url":"","service_account_user_id":"","service_accounts_enabled":false,"standard_flow_enabled":true,"standard_token_exchange_enabled":false,"use_refresh_tokens":true,"use_refresh_tokens_client_credentials":false,"valid_post_logout_redirect_uris":[],"valid_redirect_uris":["http://127.0.0.1:*","http://localhost:*"],"web_origins":["+"]},"sensitive_attributes":[[{"type":"get_attr","value":"client_secret"}],[{"type":"get_attr","value":"client_secret_wo"}]],"private":"bnVsbA==","dependencies":["keycloak_realm.issue_tracker"]}]},{"mode":"managed","type":"keycloak_openid_client","name":"mcp_server","provider":"provider[\"registry.opentofu.org/keycloak/keycloak\"]","instances":[{"schema_version":0,"attributes":{"access_token_lifespan":"","access_type":"CONFIDENTIAL","admin_url":"","allow_refresh_token_in_standard_token_exchange":"","always_display_in_console":false,"authentication_flow_binding_overrides":[],"authorization":[],"backchannel_logout_revoke_offline_sessions":false,"backchannel_logout_session_required":true,"backchannel_logout_url":"","base_url":"","client_authenticator_type":"client-secret","client_id":"mcp-server","client_offline_session_idle_timeout":"","client_offline_session_max_lifespan":"","client_secret":"mcp-server-secret","client_secret_regenerate_when_changed":null,"client_secret_wo":null,"client_secret_wo_version":null,"client_session_idle_timeout":"","client_session_max_lifespan":"","consent_required":false,"consent_screen_text":"","description":"","direct_access_grants_enabled":false,"display_on_consent_screen":false,"enabled":true,"exclude_issuer_from_auth_response":null,"exclude_session_state_from_auth_response":null,"extra_config":null,"frontchannel_logout_enabled":false,"frontchannel_logout_url":"","full_scope_allowed":true,"id":"b9a411f4-3681-4de5-84c1-e48b2cf8d538","implicit_flow_enabled":false,"import":false,"login_theme":"","name":"MCP Server (resource server)","oauth2_device_authorization_grant_enabled":false,"oauth2_device_code_lifespan":"","oauth2_device_polling_interval":"","oauth2_jwt_authorization_grant_enabled":false,"oauth2_jwt_authorization_grant_idp":"","pkce_code_challenge_method":"","realm_id":"issue-tracker","require_dpop_bound_tokens":false,"resource_server_id":null,"root_url":"","service_account_user_id":"203b1d57-5ced-468a-a28d-70caa12c1c34","service_accounts_enabled":true,"standard_flow_enabled":false,"standard_token_exchange_enabled":false,"use_refresh_tokens":true,"use_refresh_tokens_client_credentials":false,"valid_post_logout_redirect_uris":[],"valid_redirect_uris":[],"web_origins":[]},"sensitive_attributes":[[{"type":"get_attr","value":"client_secret_wo"}],[{"type":"get_attr","value":"client_secret"}]],"private":"bnVsbA==","dependencies":["keycloak_realm.issue_tracker"]}]},{"mode":"managed","type":"keycloak_openid_client_optional_scopes","name":"mcp_client_optional_scopes","provider":"provider[\"registry.opentofu.org/keycloak/keycloak\"]","instances":[{"schema_version":0,"attributes":{"client_id":"57e927ed-98d3-4b50-84e6-341174b4603b","id":"issue-tracker/57e927ed-98d3-4b50-84e6-341174b4603b","optional_scopes":["mcp:tools","offline_access"],"realm_id":"issue-tracker"},"sensitive_attributes":[],"private":"bnVsbA==","dependencies":["keycloak_openid_client.mcp_client","keycloak_realm.issue_tracker"]}]},{"mode":"managed","type":"keycloak_openid_client_scope","name":"mcp_tools","provider":"provider[\"registry.opentofu.org/keycloak/keycloak\"]","instances":[{"schema_version":0,"attributes":{"consent_screen_text":null,"description":"Grants access to all Issue Tracker MCP tools.","extra_config":null,"gui_order":null,"id":"37aae27f-73d1-4b06-a52e-bb08ac8a6833","include_in_token_scope":true,"name":"mcp:tools","realm_id":"issue-tracker"},"sensitive_attributes":[],"private":"bnVsbA==","dependencies":["keycloak_realm.issue_tracker"]}]},{"mode":"managed","type":"keycloak_realm","name":"issue_tracker","provider":"provider[\"registry.opentofu.org/keycloak/keycloak\"]","instances":[{"schema_version":0,"attributes":{"access_code_lifespan":"1m0s","access_code_lifespan_login":"30m0s","access_code_lifespan_user_action":"5m0s","access_token_lifespan":"15m0s","access_token_lifespan_for_implicit_flow":"15m0s","account_theme":"","action_token_generated_by_admin_lifespan":"12h0m0s","action_token_generated_by_user_lifespan":"5m0s","admin_permissions_enabled":false,"admin_theme":"","attributes":null,"browser_flow":"browser","client_authentication_flow":"clients","client_session_idle_timeout":"0s","client_session_max_lifespan":"0s","default_default_client_scopes":null,"default_optional_client_scopes":null,"default_signature_algorithm":"","direct_grant_flow":"direct grant","display_name":"Issue Tracker","display_name_html":"","docker_authentication_flow":"docker auth","duplicate_emails_allowed":false,"edit_username_allowed":false,"email_theme":"","enabled":true,"first_broker_login_flow":"first broker login","id":"issue-tracker","internal_id":"issue-tracker","internationalization":[],"login_theme":"","login_with_email_allowed":false,"oauth2_device_code_lifespan":"10m0s","oauth2_device_polling_interval":5,"offline_session_idle_timeout":"720h0m0s","offline_session_max_lifespan":"1440h0m0s","offline_session_max_lifespan_enabled":false,"organizations_enabled":false,"otp_policy":[{"algorithm":"HmacSHA1","code_reusable":false,"digits":6,"initial_counter":0,"look_ahead_window":1,"period":30,"type":"totp"}],"password_policy":"","realm":"issue-tracker","refresh_token_max_reuse":0,"registration_allowed":false,"registration_email_as_username":false,"registration_flow":"registration","remember_me":false,"reset_credentials_flow":"reset credentials","reset_password_allowed":false,"revoke_refresh_token":false,"security_defenses":[],"smtp_server":[],"ssl_required":"external","sso_session_idle_timeout":"30m0s","sso_session_idle_timeout_remember_me":"0s","sso_session_max_lifespan":"8h0m0s","sso_session_max_lifespan_remember_me":"0s","terraform_deletion_protection":false,"user_managed_access":false,"verify_email":false,"web_authn_passwordless_policy":[{"acceptable_aaguids":[],"attestation_conveyance_preference":"not specified","authenticator_attachment":"not specified","avoid_same_authenticator_register":false,"create_timeout":0,"extra_origins":[],"passwordless_passkeys_enabled":false,"relying_party_entity_name":"keycloak","relying_party_id":"","require_resident_key":"not specified","signature_algorithms":["ES256","RS256"],"user_verification_requirement":"not specified"}],"web_authn_policy":[{"acceptable_aaguids":[],"attestation_conveyance_preference":"not specified","authenticator_attachment":"not specified","avoid_same_authenticator_register":false,"create_timeout":0,"extra_origins":[],"relying_party_entity_name":"keycloak","relying_party_id":"","require_resident_key":"not specified","signature_algorithms":["ES256","RS256"],"user_verification_requirement":"not specified"}]},"sensitive_attributes":[],"private":"bnVsbA=="}]},{"mode":"managed","type":"keycloak_user","name":"alice","provider":"provider[\"registry.opentofu.org/keycloak/keycloak\"]","instances":[{"schema_version":0,"attributes":{"attributes":null,"email":"alice@example.com","email_verified":false,"enabled":true,"federated_identity":[],"first_name":"Alice","id":"3fe984e7-dafd-41c6-886d-1af89fee279c","import":false,"initial_password":[{"temporary":false,"value":"alice123"}],"last_name":"Developer","realm_id":"issue-tracker","required_actions":null,"username":"alice"},"sensitive_attributes":[[{"type":"get_attr","value":"initial_password"},{"type":"index","value":{"value":0,"type":"number"}},{"type":"get_attr","value":"value"}]],"private":"bnVsbA==","dependencies":["keycloak_realm.issue_tracker"]}]},{"mode":"managed","type":"keycloak_user","name":"bob","provider":"provider[\"registry.opentofu.org/keycloak/keycloak\"]","instances":[{"schema_version":0,"attributes":{"attributes":null,"email":"bob@example.com","email_verified":false,"enabled":true,"federated_identity":[],"first_name":"Bob","id":"47e7e75b-2c81-432d-8688-3a9b4a4da98a","import":false,"initial_password":[{"temporary":false,"value":"bob123"}],"last_name":"Developer","realm_id":"issue-tracker","required_actions":null,"username":"bob"},"sensitive_attributes":[[{"type":"get_attr","value":"initial_password"},{"type":"index","value":{"value":0,"type":"number"}},{"type":"get_attr","value":"value"}]],"private":"bnVsbA==","dependencies":["keycloak_realm.issue_tracker"]}]}],"check_results":null}
